// !$*UTF8*$!
{
	archiveVersion = 1;
	classes = {
	};
	objectVersion = 56;
	objects = {

/* Begin PBXBuildFile section */
		741A205B2C2D8F5B00DF2745 /* RectangleView.swift in Sources */ = {isa = PBXBuildFile; fileRef = 741A205A2C2D8F5B00DF2745 /* RectangleView.swift */; };
		742263162C0F15CF009AC256 /* CongratsView.swift in Sources */ = {isa = PBXBuildFile; fileRef = 742263152C0F15CF009AC256 /* CongratsView.swift */; };
		742263182C0F15F1009AC256 /* CarrouselView.swift in Sources */ = {isa = PBXBuildFile; fileRef = 742263172C0F15F1009AC256 /* CarrouselView.swift */; };
		7422631A2C0F1612009AC256 /* AcceptedChallengeView.swift in Sources */ = {isa = PBXBuildFile; fileRef = 742263192C0F1612009AC256 /* AcceptedChallengeView.swift */; };
		E10109982C0DF07B002FF84B /* ChallengoApp.swift in Sources */ = {isa = PBXBuildFile; fileRef = E10109972C0DF07B002FF84B /* ChallengoApp.swift */; };
		E101099A2C0DF07B002FF84B /* ContentView.swift in Sources */ = {isa = PBXBuildFile; fileRef = E10109992C0DF07B002FF84B /* ContentView.swift */; };
		E101099E2C0DF07C002FF84B /* Assets.xcassets in Resources */ = {isa = PBXBuildFile; fileRef = E101099D2C0DF07C002FF84B /* Assets.xcassets */; };
		E10109A12C0DF07C002FF84B /* Preview Assets.xcassets in Resources */ = {isa = PBXBuildFile; fileRef = E10109A02C0DF07C002FF84B /* Preview Assets.xcassets */; };
		E11F7C1D2C0E01E4006CA138 /* utils.swift in Sources */ = {isa = PBXBuildFile; fileRef = E11F7C1C2C0E01E4006CA138 /* utils.swift */; };
		E1222B442C0F124F004F3E5E /* WheelView.swift in Sources */ = {isa = PBXBuildFile; fileRef = E1222B432C0F124F004F3E5E /* WheelView.swift */; };
		E129909D2C2C1C5300219E51 /* Tracking.swift in Sources */ = {isa = PBXBuildFile; fileRef = E129909C2C2C1C5300219E51 /* Tracking.swift */; };
		E1CFBC712C2D51DC00102FF2 /* NatureGrowth.swift in Sources */ = {isa = PBXBuildFile; fileRef = E1CFBC702C2D51DC00102FF2 /* NatureGrowth.swift */; };
		E1ECCF802C0F57A400FAE9D7 /* TrackingView.swift in Sources */ = {isa = PBXBuildFile; fileRef = E1ECCF7F2C0F57A400FAE9D7 /* TrackingView.swift */; };
		E1ECCF842C0F5ACC00FAE9D7 /* TrackingBalanceExtractedView.swift in Sources */ = {isa = PBXBuildFile; fileRef = E1ECCF832C0F5ACC00FAE9D7 /* TrackingBalanceExtractedView.swift */; };
		E1ECCF862C0F5AED00FAE9D7 /* TrackingCalendarExtractedView.swift in Sources */ = {isa = PBXBuildFile; fileRef = E1ECCF852C0F5AED00FAE9D7 /* TrackingCalendarExtractedView.swift */; };
		E1ECCF882C0F5B0C00FAE9D7 /* TrackingWinFailExtractedView.swift in Sources */ = {isa = PBXBuildFile; fileRef = E1ECCF872C0F5B0C00FAE9D7 /* TrackingWinFailExtractedView.swift */; };
		E1ECCF8C2C10653700FAE9D7 /* NatureGrowthView.swift in Sources */ = {isa = PBXBuildFile; fileRef = E1ECCF8B2C10653700FAE9D7 /* NatureGrowthView.swift */; };
		F6F367D22C11B23E00341F38 /* StartView.swift in Sources */ = {isa = PBXBuildFile; fileRef = F6F367D12C11B23E00341F38 /* StartView.swift */; };
		F6F367D42C11B2FD00341F38 /* OnboardingView1.swift in Sources */ = {isa = PBXBuildFile; fileRef = F6F367D32C11B2FD00341F38 /* OnboardingView1.swift */; };
		F6F367D62C11B33700341F38 /* JustifiedTextView.swift in Sources */ = {isa = PBXBuildFile; fileRef = F6F367D52C11B33700341F38 /* JustifiedTextView.swift */; };
		F6F367D82C11B36800341F38 /* OnboardingView2.swift in Sources */ = {isa = PBXBuildFile; fileRef = F6F367D72C11B36800341F38 /* OnboardingView2.swift */; };
		F6F367DA2C11B39700341F38 /* OnboardingView3.swift in Sources */ = {isa = PBXBuildFile; fileRef = F6F367D92C11B39700341F38 /* OnboardingView3.swift */; };
		F6F367DC2C11B3C800341F38 /* OnboardingView4.swift in Sources */ = {isa = PBXBuildFile; fileRef = F6F367DB2C11B3C800341F38 /* OnboardingView4.swift */; };
		F6F367DE2C11B3ED00341F38 /* OnboardingView5.swift in Sources */ = {isa = PBXBuildFile; fileRef = F6F367DD2C11B3ED00341F38 /* OnboardingView5.swift */; };
/* End PBXBuildFile section */

/* Begin PBXFileReference section */
		741A205A2C2D8F5B00DF2745 /* RectangleView.swift */ = {isa = PBXFileReference; lastKnownFileType = sourcecode.swift; path = RectangleView.swift; sourceTree = "<group>"; };
		742263152C0F15CF009AC256 /* CongratsView.swift */ = {isa = PBXFileReference; lastKnownFileType = sourcecode.swift; path = CongratsView.swift; sourceTree = "<group>"; };
		742263172C0F15F1009AC256 /* CarrouselView.swift */ = {isa = PBXFileReference; lastKnownFileType = sourcecode.swift; path = CarrouselView.swift; sourceTree = "<group>"; };
		742263192C0F1612009AC256 /* AcceptedChallengeView.swift */ = {isa = PBXFileReference; lastKnownFileType = sourcecode.swift; path = AcceptedChallengeView.swift; sourceTree = "<group>"; };
		E10109942C0DF07B002FF84B /* Challengo.app */ = {isa = PBXFileReference; explicitFileType = wrapper.application; includeInIndex = 0; path = Challengo.app; sourceTree = BUILT_PRODUCTS_DIR; };
		E10109972C0DF07B002FF84B /* ChallengoApp.swift */ = {isa = PBXFileReference; lastKnownFileType = sourcecode.swift; path = ChallengoApp.swift; sourceTree = "<group>"; };
		E10109992C0DF07B002FF84B /* ContentView.swift */ = {isa = PBXFileReference; lastKnownFileType = sourcecode.swift; path = ContentView.swift; sourceTree = "<group>"; };
		E101099D2C0DF07C002FF84B /* Assets.xcassets */ = {isa = PBXFileReference; lastKnownFileType = folder.assetcatalog; path = Assets.xcassets; sourceTree = "<group>"; };
		E10109A02C0DF07C002FF84B /* Preview Assets.xcassets */ = {isa = PBXFileReference; lastKnownFileType = folder.assetcatalog; path = "Preview Assets.xcassets"; sourceTree = "<group>"; };
		E11F7C1C2C0E01E4006CA138 /* utils.swift */ = {isa = PBXFileReference; lastKnownFileType = sourcecode.swift; path = utils.swift; sourceTree = "<group>"; };
		E1222B432C0F124F004F3E5E /* WheelView.swift */ = {isa = PBXFileReference; lastKnownFileType = sourcecode.swift; path = WheelView.swift; sourceTree = "<group>"; };
		E129909C2C2C1C5300219E51 /* Tracking.swift */ = {isa = PBXFileReference; lastKnownFileType = sourcecode.swift; path = Tracking.swift; sourceTree = "<group>"; };
		E1CFBC702C2D51DC00102FF2 /* NatureGrowth.swift */ = {isa = PBXFileReference; lastKnownFileType = sourcecode.swift; path = NatureGrowth.swift; sourceTree = "<group>"; };
		E1ECCF7F2C0F57A400FAE9D7 /* TrackingView.swift */ = {isa = PBXFileReference; lastKnownFileType = sourcecode.swift; path = TrackingView.swift; sourceTree = "<group>"; };
		E1ECCF832C0F5ACC00FAE9D7 /* TrackingBalanceExtractedView.swift */ = {isa = PBXFileReference; lastKnownFileType = sourcecode.swift; path = TrackingBalanceExtractedView.swift; sourceTree = "<group>"; };
		E1ECCF852C0F5AED00FAE9D7 /* TrackingCalendarExtractedView.swift */ = {isa = PBXFileReference; lastKnownFileType = sourcecode.swift; path = TrackingCalendarExtractedView.swift; sourceTree = "<group>"; };
		E1ECCF872C0F5B0C00FAE9D7 /* TrackingWinFailExtractedView.swift */ = {isa = PBXFileReference; lastKnownFileType = sourcecode.swift; path = TrackingWinFailExtractedView.swift; sourceTree = "<group>"; };
		E1ECCF8B2C10653700FAE9D7 /* NatureGrowthView.swift */ = {isa = PBXFileReference; lastKnownFileType = sourcecode.swift; path = NatureGrowthView.swift; sourceTree = "<group>"; };
		F6F367D12C11B23E00341F38 /* StartView.swift */ = {isa = PBXFileReference; lastKnownFileType = sourcecode.swift; path = StartView.swift; sourceTree = "<group>"; };
		F6F367D32C11B2FD00341F38 /* OnboardingView1.swift */ = {isa = PBXFileReference; lastKnownFileType = sourcecode.swift; path = OnboardingView1.swift; sourceTree = "<group>"; };
		F6F367D52C11B33700341F38 /* JustifiedTextView.swift */ = {isa = PBXFileReference; lastKnownFileType = sourcecode.swift; path = JustifiedTextView.swift; sourceTree = "<group>"; };
		F6F367D72C11B36800341F38 /* OnboardingView2.swift */ = {isa = PBXFileReference; lastKnownFileType = sourcecode.swift; path = OnboardingView2.swift; sourceTree = "<group>"; };
		F6F367D92C11B39700341F38 /* OnboardingView3.swift */ = {isa = PBXFileReference; lastKnownFileType = sourcecode.swift; path = OnboardingView3.swift; sourceTree = "<group>"; };
		F6F367DB2C11B3C800341F38 /* OnboardingView4.swift */ = {isa = PBXFileReference; lastKnownFileType = sourcecode.swift; path = OnboardingView4.swift; sourceTree = "<group>"; };
		F6F367DD2C11B3ED00341F38 /* OnboardingView5.swift */ = {isa = PBXFileReference; lastKnownFileType = sourcecode.swift; path = OnboardingView5.swift; sourceTree = "<group>"; };
/* End PBXFileReference section */

/* Begin PBXFrameworksBuildPhase section */
		E10109912C0DF07B002FF84B /* Frameworks */ = {
			isa = PBXFrameworksBuildPhase;
			buildActionMask = 2147483647;
			files = (
			);
			runOnlyForDeploymentPostprocessing = 0;
		};
/* End PBXFrameworksBuildPhase section */

/* Begin PBXGroup section */
		E101098B2C0DF07B002FF84B = {
			isa = PBXGroup;
			children = (
				E10109962C0DF07B002FF84B /* Challengo */,
				E10109952C0DF07B002FF84B /* Products */,
			);
			sourceTree = "<group>";
		};
		E10109952C0DF07B002FF84B /* Products */ = {
			isa = PBXGroup;
			children = (
				E10109942C0DF07B002FF84B /* Challengo.app */,
			);
			name = Products;
			sourceTree = "<group>";
		};
		E10109962C0DF07B002FF84B /* Challengo */ = {
			isa = PBXGroup;
			children = (
				E10109972C0DF07B002FF84B /* ChallengoApp.swift */,
				E11F7C172C0DFC81006CA138 /* Models */,
				E11F7C132C0DFA55006CA138 /* Views */,
				E11F7C192C0DFCA4006CA138 /* Utils */,
				E101099D2C0DF07C002FF84B /* Assets.xcassets */,
				E101099F2C0DF07C002FF84B /* Preview Content */,
			);
			path = Challengo;
			sourceTree = "<group>";
		};
		E101099F2C0DF07C002FF84B /* Preview Content */ = {
			isa = PBXGroup;
			children = (
				E10109A02C0DF07C002FF84B /* Preview Assets.xcassets */,
			);
			path = "Preview Content";
			sourceTree = "<group>";
		};
		E11F7C132C0DFA55006CA138 /* Views */ = {
			isa = PBXGroup;
			children = (
				F6F367D32C11B2FD00341F38 /* OnboardingView1.swift */,
				F6F367D72C11B36800341F38 /* OnboardingView2.swift */,
				F6F367D92C11B39700341F38 /* OnboardingView3.swift */,
				F6F367DB2C11B3C800341F38 /* OnboardingView4.swift */,
				F6F367DD2C11B3ED00341F38 /* OnboardingView5.swift */,
				F6F367D52C11B33700341F38 /* JustifiedTextView.swift */,
				E10109992C0DF07B002FF84B /* ContentView.swift */,
				F6F367D12C11B23E00341F38 /* StartView.swift */,
				E1222B432C0F124F004F3E5E /* WheelView.swift */,
				741A205A2C2D8F5B00DF2745 /* RectangleView.swift */,
				742263172C0F15F1009AC256 /* CarrouselView.swift */,
				742263192C0F1612009AC256 /* AcceptedChallengeView.swift */,
				742263152C0F15CF009AC256 /* CongratsView.swift */,
				E1ECCF8B2C10653700FAE9D7 /* NatureGrowthView.swift */,
				E1ECCF7F2C0F57A400FAE9D7 /* TrackingView.swift */,
				E1ECCF852C0F5AED00FAE9D7 /* TrackingCalendarExtractedView.swift */,
				E1ECCF832C0F5ACC00FAE9D7 /* TrackingBalanceExtractedView.swift */,
				E1ECCF872C0F5B0C00FAE9D7 /* TrackingWinFailExtractedView.swift */,
			);
			path = Views;
			sourceTree = "<group>";
		};
		E11F7C172C0DFC81006CA138 /* Models */ = {
			isa = PBXGroup;
			children = (
				E1CFBC702C2D51DC00102FF2 /* NatureGrowth.swift */,
				E129909C2C2C1C5300219E51 /* Tracking.swift */,
			);
			path = Models;
			sourceTree = "<group>";
		};
		E11F7C192C0DFCA4006CA138 /* Utils */ = {
			isa = PBXGroup;
			children = (
				E11F7C1C2C0E01E4006CA138 /* utils.swift */,
			);
			path = Utils;
			sourceTree = "<group>";
		};
/* End PBXGroup section */

/* Begin PBXNativeTarget section */
		E10109932C0DF07B002FF84B /* Challengo */ = {
			isa = PBXNativeTarget;
			buildConfigurationList = E10109BA2C0DF07C002FF84B /* Build configuration list for PBXNativeTarget "Challengo" */;
			buildPhases = (
				E10109902C0DF07B002FF84B /* Sources */,
				E10109912C0DF07B002FF84B /* Frameworks */,
				E10109922C0DF07B002FF84B /* Resources */,
			);
			buildRules = (
			);
			dependencies = (
			);
			name = Challengo;
			productName = Challengo;
			productReference = E10109942C0DF07B002FF84B /* Challengo.app */;
			productType = "com.apple.product-type.application";
		};
/* End PBXNativeTarget section */

/* Begin PBXProject section */
		E101098C2C0DF07B002FF84B /* Project object */ = {
			isa = PBXProject;
			attributes = {
				BuildIndependentTargetsInParallel = 1;
				LastSwiftUpdateCheck = 1540;
				LastUpgradeCheck = 1540;
				TargetAttributes = {
					E10109932C0DF07B002FF84B = {
						CreatedOnToolsVersion = 15.4;
					};
				};
			};
			buildConfigurationList = E101098F2C0DF07B002FF84B /* Build configuration list for PBXProject "Challengo" */;
			compatibilityVersion = "Xcode 14.0";
			developmentRegion = en;
			hasScannedForEncodings = 0;
			knownRegions = (
				en,
				Base,
			);
			mainGroup = E101098B2C0DF07B002FF84B;
			productRefGroup = E10109952C0DF07B002FF84B /* Products */;
			projectDirPath = "";
			projectRoot = "";
			targets = (
				E10109932C0DF07B002FF84B /* Challengo */,
			);
		};
/* End PBXProject section */

/* Begin PBXResourcesBuildPhase section */
		E10109922C0DF07B002FF84B /* Resources */ = {
			isa = PBXResourcesBuildPhase;
			buildActionMask = 2147483647;
			files = (
				E10109A12C0DF07C002FF84B /* Preview Assets.xcassets in Resources */,
				E101099E2C0DF07C002FF84B /* Assets.xcassets in Resources */,
			);
			runOnlyForDeploymentPostprocessing = 0;
		};
/* End PBXResourcesBuildPhase section */

/* Begin PBXSourcesBuildPhase section */
		E10109902C0DF07B002FF84B /* Sources */ = {
			isa = PBXSourcesBuildPhase;
			buildActionMask = 2147483647;
			files = (
				E129909D2C2C1C5300219E51 /* Tracking.swift in Sources */,
				742263182C0F15F1009AC256 /* CarrouselView.swift in Sources */,
				E1ECCF802C0F57A400FAE9D7 /* TrackingView.swift in Sources */,
				E1222B442C0F124F004F3E5E /* WheelView.swift in Sources */,
				E1ECCF862C0F5AED00FAE9D7 /* TrackingCalendarExtractedView.swift in Sources */,
				E11F7C1D2C0E01E4006CA138 /* utils.swift in Sources */,
				742263162C0F15CF009AC256 /* CongratsView.swift in Sources */,
				F6F367D22C11B23E00341F38 /* StartView.swift in Sources */,
				E101099A2C0DF07B002FF84B /* ContentView.swift in Sources */,
				741A205B2C2D8F5B00DF2745 /* RectangleView.swift in Sources */,
				7422631A2C0F1612009AC256 /* AcceptedChallengeView.swift in Sources */,
				E10109982C0DF07B002FF84B /* ChallengoApp.swift in Sources */,
				E1ECCF8C2C10653700FAE9D7 /* NatureGrowthView.swift in Sources */,
				F6F367D62C11B33700341F38 /* JustifiedTextView.swift in Sources */,
				E1CFBC712C2D51DC00102FF2 /* NatureGrowth.swift in Sources */,
				F6F367DA2C11B39700341F38 /* OnboardingView3.swift in Sources */,
				E1ECCF882C0F5B0C00FAE9D7 /* TrackingWinFailExtractedView.swift in Sources */,
				E1ECCF842C0F5ACC00FAE9D7 /* TrackingBalanceExtractedView.swift in Sources */,
				F6F367D82C11B36800341F38 /* OnboardingView2.swift in Sources */,
				F6F367DC2C11B3C800341F38 /* OnboardingView4.swift in Sources */,
				F6F367D42C11B2FD00341F38 /* OnboardingView1.swift in Sources */,
				F6F367DE2C11B3ED00341F38 /* OnboardingView5.swift in Sources */,
			);
			runOnlyForDeploymentPostprocessing = 0;
		};
/* End PBXSourcesBuildPhase section */

/* Begin XCBuildConfiguration section */
		E10109B82C0DF07C002FF84B /* Debug */ = {
			isa = XCBuildConfiguration;
			buildSettings = {
				ALWAYS_SEARCH_USER_PATHS = NO;
				ASSETCATALOG_COMPILER_GENERATE_SWIFT_ASSET_SYMBOL_EXTENSIONS = YES;
				CLANG_ANALYZER_NONNULL = YES;
				CLANG_ANALYZER_NUMBER_OBJECT_CONVERSION = YES_AGGRESSIVE;
				CLANG_CXX_LANGUAGE_STANDARD = "gnu++20";
				CLANG_ENABLE_MODULES = YES;
				CLANG_ENABLE_OBJC_ARC = YES;
				CLANG_ENABLE_OBJC_WEAK = YES;
				CLANG_WARN_BLOCK_CAPTURE_AUTORELEASING = YES;
				CLANG_WARN_BOOL_CONVERSION = YES;
				CLANG_WARN_COMMA = YES;
				CLANG_WARN_CONSTANT_CONVERSION = YES;
				CLANG_WARN_DEPRECATED_OBJC_IMPLEMENTATIONS = YES;
				CLANG_WARN_DIRECT_OBJC_ISA_USAGE = YES_ERROR;
				CLANG_WARN_DOCUMENTATION_COMMENTS = YES;
				CLANG_WARN_EMPTY_BODY = YES;
				CLANG_WARN_ENUM_CONVERSION = YES;
				CLANG_WARN_INFINITE_RECURSION = YES;
				CLANG_WARN_INT_CONVERSION = YES;
				CLANG_WARN_NON_LITERAL_NULL_CONVERSION = YES;
				CLANG_WARN_OBJC_IMPLICIT_RETAIN_SELF = YES;
				CLANG_WARN_OBJC_LITERAL_CONVERSION = YES;
				CLANG_WARN_OBJC_ROOT_CLASS = YES_ERROR;
				CLANG_WARN_QUOTED_INCLUDE_IN_FRAMEWORK_HEADER = YES;
				CLANG_WARN_RANGE_LOOP_ANALYSIS = YES;
				CLANG_WARN_STRICT_PROTOTYPES = YES;
				CLANG_WARN_SUSPICIOUS_MOVE = YES;
				CLANG_WARN_UNGUARDED_AVAILABILITY = YES_AGGRESSIVE;
				CLANG_WARN_UNREACHABLE_CODE = YES;
				CLANG_WARN__DUPLICATE_METHOD_MATCH = YES;
				COPY_PHASE_STRIP = NO;
				DEBUG_INFORMATION_FORMAT = dwarf;
				ENABLE_STRICT_OBJC_MSGSEND = YES;
				ENABLE_TESTABILITY = YES;
				ENABLE_USER_SCRIPT_SANDBOXING = YES;
				GCC_C_LANGUAGE_STANDARD = gnu17;
				GCC_DYNAMIC_NO_PIC = NO;
				GCC_NO_COMMON_BLOCKS = YES;
				GCC_OPTIMIZATION_LEVEL = 0;
				GCC_PREPROCESSOR_DEFINITIONS = (
					"DEBUG=1",
					"$(inherited)",
				);
				GCC_WARN_64_TO_32_BIT_CONVERSION = YES;
				GCC_WARN_ABOUT_RETURN_TYPE = YES_ERROR;
				GCC_WARN_UNDECLARED_SELECTOR = YES;
				GCC_WARN_UNINITIALIZED_AUTOS = YES_AGGRESSIVE;
				GCC_WARN_UNUSED_FUNCTION = YES;
				GCC_WARN_UNUSED_VARIABLE = YES;
				IPHONEOS_DEPLOYMENT_TARGET = 17.5;
				LOCALIZATION_PREFERS_STRING_CATALOGS = YES;
				MTL_ENABLE_DEBUG_INFO = INCLUDE_SOURCE;
				MTL_FAST_MATH = YES;
				ONLY_ACTIVE_ARCH = YES;
				SDKROOT = iphoneos;
				SWIFT_ACTIVE_COMPILATION_CONDITIONS = "DEBUG $(inherited)";
				SWIFT_OPTIMIZATION_LEVEL = "-Onone";
			};
			name = Debug;
		};
		E10109B92C0DF07C002FF84B /* Release */ = {
			isa = XCBuildConfiguration;
			buildSettings = {
				ALWAYS_SEARCH_USER_PATHS = NO;
				ASSETCATALOG_COMPILER_GENERATE_SWIFT_ASSET_SYMBOL_EXTENSIONS = YES;
				CLANG_ANALYZER_NONNULL = YES;
				CLANG_ANALYZER_NUMBER_OBJECT_CONVERSION = YES_AGGRESSIVE;
				CLANG_CXX_LANGUAGE_STANDARD = "gnu++20";
				CLANG_ENABLE_MODULES = YES;
				CLANG_ENABLE_OBJC_ARC = YES;
				CLANG_ENABLE_OBJC_WEAK = YES;
				CLANG_WARN_BLOCK_CAPTURE_AUTORELEASING = YES;
				CLANG_WARN_BOOL_CONVERSION = YES;
				CLANG_WARN_COMMA = YES;
				CLANG_WARN_CONSTANT_CONVERSION = YES;
				CLANG_WARN_DEPRECATED_OBJC_IMPLEMENTATIONS = YES;
				CLANG_WARN_DIRECT_OBJC_ISA_USAGE = YES_ERROR;
				CLANG_WARN_DOCUMENTATION_COMMENTS = YES;
				CLANG_WARN_EMPTY_BODY = YES;
				CLANG_WARN_ENUM_CONVERSION = YES;
				CLANG_WARN_INFINITE_RECURSION = YES;
				CLANG_WARN_INT_CONVERSION = YES;
				CLANG_WARN_NON_LITERAL_NULL_CONVERSION = YES;
				CLANG_WARN_OBJC_IMPLICIT_RETAIN_SELF = YES;
				CLANG_WARN_OBJC_LITERAL_CONVERSION = YES;
				CLANG_WARN_OBJC_ROOT_CLASS = YES_ERROR;
				CLANG_WARN_QUOTED_INCLUDE_IN_FRAMEWORK_HEADER = YES;
				CLANG_WARN_RANGE_LOOP_ANALYSIS = YES;
				CLANG_WARN_STRICT_PROTOTYPES = YES;
				CLANG_WARN_SUSPICIOUS_MOVE = YES;
				CLANG_WARN_UNGUARDED_AVAILABILITY = YES_AGGRESSIVE;
				CLANG_WARN_UNREACHABLE_CODE = YES;
				CLANG_WARN__DUPLICATE_METHOD_MATCH = YES;
				COPY_PHASE_STRIP = NO;
				DEBUG_INFORMATION_FORMAT = "dwarf-with-dsym";
				ENABLE_NS_ASSERTIONS = NO;
				ENABLE_STRICT_OBJC_MSGSEND = YES;
				ENABLE_USER_SCRIPT_SANDBOXING = YES;
				GCC_C_LANGUAGE_STANDARD = gnu17;
				GCC_NO_COMMON_BLOCKS = YES;
				GCC_WARN_64_TO_32_BIT_CONVERSION = YES;
				GCC_WARN_ABOUT_RETURN_TYPE = YES_ERROR;
				GCC_WARN_UNDECLARED_SELECTOR = YES;
				GCC_WARN_UNINITIALIZED_AUTOS = YES_AGGRESSIVE;
				GCC_WARN_UNUSED_FUNCTION = YES;
				GCC_WARN_UNUSED_VARIABLE = YES;
				IPHONEOS_DEPLOYMENT_TARGET = 17.5;
				LOCALIZATION_PREFERS_STRING_CATALOGS = YES;
				MTL_ENABLE_DEBUG_INFO = NO;
				MTL_FAST_MATH = YES;
				SDKROOT = iphoneos;
				SWIFT_COMPILATION_MODE = wholemodule;
				VALIDATE_PRODUCT = YES;
			};
			name = Release;
		};
		E10109BB2C0DF07C002FF84B /* Debug */ = {
			isa = XCBuildConfiguration;
			buildSettings = {
				ASSETCATALOG_COMPILER_APPICON_NAME = AppIcon;
				ASSETCATALOG_COMPILER_GLOBAL_ACCENT_COLOR_NAME = AccentColor;
				CODE_SIGN_STYLE = Automatic;
				CURRENT_PROJECT_VERSION = 1;
				DEVELOPMENT_ASSET_PATHS = "\"Challengo/Preview Content\"";
				DEVELOPMENT_TEAM = 746GA298QV;
				ENABLE_PREVIEWS = YES;
				GENERATE_INFOPLIST_FILE = YES;
				INFOPLIST_KEY_UIApplicationSceneManifest_Generation = YES;
				INFOPLIST_KEY_UIApplicationSupportsIndirectInputEvents = YES;
				INFOPLIST_KEY_UILaunchScreen_Generation = YES;
				INFOPLIST_KEY_UISupportedInterfaceOrientations_iPad = "UIInterfaceOrientationPortrait UIInterfaceOrientationPortraitUpsideDown UIInterfaceOrientationLandscapeLeft UIInterfaceOrientationLandscapeRight";
				INFOPLIST_KEY_UISupportedInterfaceOrientations_iPhone = "UIInterfaceOrientationPortrait UIInterfaceOrientationLandscapeLeft UIInterfaceOrientationLandscapeRight";
				LD_RUNPATH_SEARCH_PATHS = (
					"$(inherited)",
					"@executable_path/Frameworks",
				);
				MARKETING_VERSION = 1.0;
				PRODUCT_BUNDLE_IDENTIFIER = fr.balystick.Challengo;
				PRODUCT_NAME = "$(TARGET_NAME)";
				SWIFT_EMIT_LOC_STRINGS = YES;
				SWIFT_VERSION = 5.0;
				TARGETED_DEVICE_FAMILY = "1,2";
			};
			name = Debug;
		};
		E10109BC2C0DF07C002FF84B /* Release */ = {
			isa = XCBuildConfiguration;
			buildSettings = {
				ASSETCATALOG_COMPILER_APPICON_NAME = AppIcon;
				ASSETCATALOG_COMPILER_GLOBAL_ACCENT_COLOR_NAME = AccentColor;
				CODE_SIGN_STYLE = Automatic;
				CURRENT_PROJECT_VERSION = 1;
				DEVELOPMENT_ASSET_PATHS = "\"Challengo/Preview Content\"";
				DEVELOPMENT_TEAM = 746GA298QV;
				ENABLE_PREVIEWS = YES;
				GENERATE_INFOPLIST_FILE = YES;
				INFOPLIST_KEY_UIApplicationSceneManifest_Generation = YES;
				INFOPLIST_KEY_UIApplicationSupportsIndirectInputEvents = YES;
				INFOPLIST_KEY_UILaunchScreen_Generation = YES;
				INFOPLIST_KEY_UISupportedInterfaceOrientations_iPad = "UIInterfaceOrientationPortrait UIInterfaceOrientationPortraitUpsideDown UIInterfaceOrientationLandscapeLeft UIInterfaceOrientationLandscapeRight";
				INFOPLIST_KEY_UISupportedInterfaceOrientations_iPhone = "UIInterfaceOrientationPortrait UIInterfaceOrientationLandscapeLeft UIInterfaceOrientationLandscapeRight";
				LD_RUNPATH_SEARCH_PATHS = (
					"$(inherited)",
					"@executable_path/Frameworks",
				);
				MARKETING_VERSION = 1.0;
				PRODUCT_BUNDLE_IDENTIFIER = fr.balystick.Challengo;
				PRODUCT_NAME = "$(TARGET_NAME)";
				SWIFT_EMIT_LOC_STRINGS = YES;
				SWIFT_VERSION = 5.0;
				TARGETED_DEVICE_FAMILY = "1,2";
			};
			name = Release;
		};
/* End XCBuildConfiguration section */

/* Begin XCConfigurationList section */
		E101098F2C0DF07B002FF84B /* Build configuration list for PBXProject "Challengo" */ = {
			isa = XCConfigurationList;
			buildConfigurations = (
				E10109B82C0DF07C002FF84B /* Debug */,
				E10109B92C0DF07C002FF84B /* Release */,
			);
			defaultConfigurationIsVisible = 0;
			defaultConfigurationName = Release;
		};
		E10109BA2C0DF07C002FF84B /* Build configuration list for PBXNativeTarget "Challengo" */ = {
			isa = XCConfigurationList;
			buildConfigurations = (
				E10109BB2C0DF07C002FF84B /* Debug */,
				E10109BC2C0DF07C002FF84B /* Release */,
			);
			defaultConfigurationIsVisible = 0;
			defaultConfigurationName = Release;
		};
/* End XCConfigurationList section */
	};
	rootObject = E101098C2C0DF07B002FF84B /* Project object */;
}
