// !$*UTF8*$!
{
	archiveVersion = 1;
	classes = {
	};
	objectVersion = 56;
	objects = {

/* Begin PBXBuildFile section */
		E10109982C0DF07B002FF84B /* ChallengoApp.swift in Sources */ = {isa = PBXBuildFile; fileRef = E10109972C0DF07B002FF84B /* ChallengoApp.swift */; };
		E101099A2C0DF07B002FF84B /* ContentView.swift in Sources */ = {isa = PBXBuildFile; fileRef = E10109992C0DF07B002FF84B /* ContentView.swift */; };
		E101099C2C0DF07B002FF84B /* Item.swift in Sources */ = {isa = PBXBuildFile; fileRef = E101099B2C0DF07B002FF84B /* Item.swift */; };
		E101099E2C0DF07C002FF84B /* Assets.xcassets in Resources */ = {isa = PBXBuildFile; fileRef = E101099D2C0DF07C002FF84B /* Assets.xcassets */; };
		E10109A12C0DF07C002FF84B /* Preview Assets.xcassets in Resources */ = {isa = PBXBuildFile; fileRef = E10109A02C0DF07C002FF84B /* Preview Assets.xcassets */; };
		E10109AB2C0DF07C002FF84B /* ChallengoTests.swift in Sources */ = {isa = PBXBuildFile; fileRef = E10109AA2C0DF07C002FF84B /* ChallengoTests.swift */; };
		E10109B52C0DF07C002FF84B /* ChallengoUITests.swift in Sources */ = {isa = PBXBuildFile; fileRef = E10109B42C0DF07C002FF84B /* ChallengoUITests.swift */; };
		E10109B72C0DF07C002FF84B /* ChallengoUITestsLaunchTests.swift in Sources */ = {isa = PBXBuildFile; fileRef = E10109B62C0DF07C002FF84B /* ChallengoUITestsLaunchTests.swift */; };
		E11F7C1B2C0E0190006CA138 /* data.swift in Sources */ = {isa = PBXBuildFile; fileRef = E11F7C1A2C0E0190006CA138 /* data.swift */; };
		E11F7C1D2C0E01E4006CA138 /* utils.swift in Sources */ = {isa = PBXBuildFile; fileRef = E11F7C1C2C0E01E4006CA138 /* utils.swift */; };
		E1222B442C0F124F004F3E5E /* WheelView.swift in Sources */ = {isa = PBXBuildFile; fileRef = E1222B432C0F124F004F3E5E /* WheelView.swift */; };
/* End PBXBuildFile section */

/* Begin PBXContainerItemProxy section */
		E10109A72C0DF07C002FF84B /* PBXContainerItemProxy */ = {
			isa = PBXContainerItemProxy;
			containerPortal = E101098C2C0DF07B002FF84B /* Project object */;
			proxyType = 1;
			remoteGlobalIDString = E10109932C0DF07B002FF84B;
			remoteInfo = Challengo;
		};
		E10109B12C0DF07C002FF84B /* PBXContainerItemProxy */ = {
			isa = PBXContainerItemProxy;
			containerPortal = E101098C2C0DF07B002FF84B /* Project object */;
			proxyType = 1;
			remoteGlobalIDString = E10109932C0DF07B002FF84B;
			remoteInfo = Challengo;
		};
/* End PBXContainerItemProxy section */

/* Begin PBXFileReference section */
		E10109942C0DF07B002FF84B /* Challengo.app */ = {isa = PBXFileReference; explicitFileType = wrapper.application; includeInIndex = 0; path = Challengo.app; sourceTree = BUILT_PRODUCTS_DIR; };
		E10109972C0DF07B002FF84B /* ChallengoApp.swift */ = {isa = PBXFileReference; lastKnownFileType = sourcecode.swift; path = ChallengoApp.swift; sourceTree = "<group>"; };
		E10109992C0DF07B002FF84B /* ContentView.swift */ = {isa = PBXFileReference; lastKnownFileType = sourcecode.swift; path = ContentView.swift; sourceTree = "<group>"; };
		E101099B2C0DF07B002FF84B /* Item.swift */ = {isa = PBXFileReference; lastKnownFileType = sourcecode.swift; path = Item.swift; sourceTree = "<group>"; };
		E101099D2C0DF07C002FF84B /* Assets.xcassets */ = {isa = PBXFileReference; lastKnownFileType = folder.assetcatalog; path = Assets.xcassets; sourceTree = "<group>"; };
		E10109A02C0DF07C002FF84B /* Preview Assets.xcassets */ = {isa = PBXFileReference; lastKnownFileType = folder.assetcatalog; path = "Preview Assets.xcassets"; sourceTree = "<group>"; };
		E10109A62C0DF07C002FF84B /* ChallengoTests.xctest */ = {isa = PBXFileReference; explicitFileType = wrapper.cfbundle; includeInIndex = 0; path = ChallengoTests.xctest; sourceTree = BUILT_PRODUCTS_DIR; };
		E10109AA2C0DF07C002FF84B /* ChallengoTests.swift */ = {isa = PBXFileReference; lastKnownFileType = sourcecode.swift; path = ChallengoTests.swift; sourceTree = "<group>"; };
		E10109B02C0DF07C002FF84B /* ChallengoUITests.xctest */ = {isa = PBXFileReference; explicitFileType = wrapper.cfbundle; includeInIndex = 0; path = ChallengoUITests.xctest; sourceTree = BUILT_PRODUCTS_DIR; };
		E10109B42C0DF07C002FF84B /* ChallengoUITests.swift */ = {isa = PBXFileReference; lastKnownFileType = sourcecode.swift; path = ChallengoUITests.swift; sourceTree = "<group>"; };
		E10109B62C0DF07C002FF84B /* ChallengoUITestsLaunchTests.swift */ = {isa = PBXFileReference; lastKnownFileType = sourcecode.swift; path = ChallengoUITestsLaunchTests.swift; sourceTree = "<group>"; };
		E11F7C1A2C0E0190006CA138 /* data.swift */ = {isa = PBXFileReference; lastKnownFileType = sourcecode.swift; path = data.swift; sourceTree = "<group>"; };
		E11F7C1C2C0E01E4006CA138 /* utils.swift */ = {isa = PBXFileReference; lastKnownFileType = sourcecode.swift; path = utils.swift; sourceTree = "<group>"; };
		E1222B432C0F124F004F3E5E /* WheelView.swift */ = {isa = PBXFileReference; lastKnownFileType = sourcecode.swift; path = WheelView.swift; sourceTree = "<group>"; };
/* End PBXFileReference section */

/* Begin PBXFrameworksBuildPhase section */
		E10109912C0DF07B002FF84B /* Frameworks */ = {
			isa = PBXFrameworksBuildPhase;
			buildActionMask = 2147483647;
			files = (
			);
			runOnlyForDeploymentPostprocessing = 0;
		};
		E10109A32C0DF07C002FF84B /* Frameworks */ = {
			isa = PBXFrameworksBuildPhase;
			buildActionMask = 2147483647;
			files = (
			);
			runOnlyForDeploymentPostprocessing = 0;
		};
		E10109AD2C0DF07C002FF84B /* Frameworks */ = {
			isa = PBXFrameworksBuildPhase;
			buildActionMask = 2147483647;
			files = (
			);
			runOnlyForDeploymentPostprocessing = 0;
		};
/* End PBXFrameworksBuildPhase section */

/* Begin PBXGroup section */
		E101098B2C0DF07B002FF84B = {
			isa = PBXGroup;
			children = (
				E10109962C0DF07B002FF84B /* Challengo */,
				E10109A92C0DF07C002FF84B /* ChallengoTests */,
				E10109B32C0DF07C002FF84B /* ChallengoUITests */,
				E10109952C0DF07B002FF84B /* Products */,
			);
			sourceTree = "<group>";
		};
		E10109952C0DF07B002FF84B /* Products */ = {
			isa = PBXGroup;
			children = (
				E10109942C0DF07B002FF84B /* Challengo.app */,
				E10109A62C0DF07C002FF84B /* ChallengoTests.xctest */,
				E10109B02C0DF07C002FF84B /* ChallengoUITests.xctest */,
			);
			name = Products;
			sourceTree = "<group>";
		};
		E10109962C0DF07B002FF84B /* Challengo */ = {
			isa = PBXGroup;
			children = (
				E10109972C0DF07B002FF84B /* ChallengoApp.swift */,
				E101099B2C0DF07B002FF84B /* Item.swift */,
				E11F7C172C0DFC81006CA138 /* Models */,
				E11F7C132C0DFA55006CA138 /* Views */,
				E11F7C192C0DFCA4006CA138 /* Utils */,
				E101099D2C0DF07C002FF84B /* Assets.xcassets */,
				E101099F2C0DF07C002FF84B /* Preview Content */,
			);
			path = Challengo;
			sourceTree = "<group>";
		};
		E101099F2C0DF07C002FF84B /* Preview Content */ = {
			isa = PBXGroup;
			children = (
				E10109A02C0DF07C002FF84B /* Preview Assets.xcassets */,
			);
			path = "Preview Content";
			sourceTree = "<group>";
		};
		E10109A92C0DF07C002FF84B /* ChallengoTests */ = {
			isa = PBXGroup;
			children = (
				E10109AA2C0DF07C002FF84B /* ChallengoTests.swift */,
			);
			path = ChallengoTests;
			sourceTree = "<group>";
		};
		E10109B32C0DF07C002FF84B /* ChallengoUITests */ = {
			isa = PBXGroup;
			children = (
				E10109B42C0DF07C002FF84B /* ChallengoUITests.swift */,
				E10109B62C0DF07C002FF84B /* ChallengoUITestsLaunchTests.swift */,
			);
			path = ChallengoUITests;
			sourceTree = "<group>";
		};
		E11F7C132C0DFA55006CA138 /* Views */ = {
			isa = PBXGroup;
			children = (
				E10109992C0DF07B002FF84B /* ContentView.swift */,
				E1222B432C0F124F004F3E5E /* WheelView.swift */,
			);
			path = Views;
			sourceTree = "<group>";
		};
		E11F7C172C0DFC81006CA138 /* Models */ = {
			isa = PBXGroup;
			children = (
				E11F7C1A2C0E0190006CA138 /* data.swift */,
			);
			path = Models;
			sourceTree = "<group>";
		};
		E11F7C192C0DFCA4006CA138 /* Utils */ = {
			isa = PBXGroup;
			children = (
				E11F7C1C2C0E01E4006CA138 /* utils.swift */,
			);
			path = Utils;
			sourceTree = "<group>";
		};
/* End PBXGroup section */

/* Begin PBXNativeTarget section */
		E10109932C0DF07B002FF84B /* Challengo */ = {
			isa = PBXNativeTarget;
			buildConfigurationList = E10109BA2C0DF07C002FF84B /* Build configuration list for PBXNativeTarget "Challengo" */;
			buildPhases = (
				E10109902C0DF07B002FF84B /* Sources */,
				E10109912C0DF07B002FF84B /* Frameworks */,
				E10109922C0DF07B002FF84B /* Resources */,
			);
			buildRules = (
			);
			dependencies = (
			);
			name = Challengo;
			productName = Challengo;
			productReference = E10109942C0DF07B002FF84B /* Challengo.app */;
			productType = "com.apple.product-type.application";
		};
		E10109A52C0DF07C002FF84B /* ChallengoTests */ = {
			isa = PBXNativeTarget;
			buildConfigurationList = E10109BD2C0DF07C002FF84B /* Build configuration list for PBXNativeTarget "ChallengoTests" */;
			buildPhases = (
				E10109A22C0DF07C002FF84B /* Sources */,
				E10109A32C0DF07C002FF84B /* Frameworks */,
				E10109A42C0DF07C002FF84B /* Resources */,
			);
			buildRules = (
			);
			dependencies = (
				E10109A82C0DF07C002FF84B /* PBXTargetDependency */,
			);
			name = ChallengoTests;
			productName = ChallengoTests;
			productReference = E10109A62C0DF07C002FF84B /* ChallengoTests.xctest */;
			productType = "com.apple.product-type.bundle.unit-test";
		};
		E10109AF2C0DF07C002FF84B /* ChallengoUITests */ = {
			isa = PBXNativeTarget;
			buildConfigurationList = E10109C02C0DF07C002FF84B /* Build configuration list for PBXNativeTarget "ChallengoUITests" */;
			buildPhases = (
				E10109AC2C0DF07C002FF84B /* Sources */,
				E10109AD2C0DF07C002FF84B /* Frameworks */,
				E10109AE2C0DF07C002FF84B /* Resources */,
			);
			buildRules = (
			);
			dependencies = (
				E10109B22C0DF07C002FF84B /* PBXTargetDependency */,
			);
			name = ChallengoUITests;
			productName = ChallengoUITests;
			productReference = E10109B02C0DF07C002FF84B /* ChallengoUITests.xctest */;
			productType = "com.apple.product-type.bundle.ui-testing";
		};
/* End PBXNativeTarget section */

/* Begin PBXProject section */
		E101098C2C0DF07B002FF84B /* Project object */ = {
			isa = PBXProject;
			attributes = {
				BuildIndependentTargetsInParallel = 1;
				LastSwiftUpdateCheck = 1540;
				LastUpgradeCheck = 1540;
				TargetAttributes = {
					E10109932C0DF07B002FF84B = {
						CreatedOnToolsVersion = 15.4;
					};
					E10109A52C0DF07C002FF84B = {
						CreatedOnToolsVersion = 15.4;
						TestTargetID = E10109932C0DF07B002FF84B;
					};
					E10109AF2C0DF07C002FF84B = {
						CreatedOnToolsVersion = 15.4;
						TestTargetID = E10109932C0DF07B002FF84B;
					};
				};
			};
			buildConfigurationList = E101098F2C0DF07B002FF84B /* Build configuration list for PBXProject "Challengo" */;
			compatibilityVersion = "Xcode 14.0";
			developmentRegion = en;
			hasScannedForEncodings = 0;
			knownRegions = (
				en,
				Base,
			);
			mainGroup = E101098B2C0DF07B002FF84B;
			productRefGroup = E10109952C0DF07B002FF84B /* Products */;
			projectDirPath = "";
			projectRoot = "";
			targets = (
				E10109932C0DF07B002FF84B /* Challengo */,
				E10109A52C0DF07C002FF84B /* ChallengoTests */,
				E10109AF2C0DF07C002FF84B /* ChallengoUITests */,
			);
		};
/* End PBXProject section */

/* Begin PBXResourcesBuildPhase section */
		E10109922C0DF07B002FF84B /* Resources */ = {
			isa = PBXResourcesBuildPhase;
			buildActionMask = 2147483647;
			files = (
				E10109A12C0DF07C002FF84B /* Preview Assets.xcassets in Resources */,
				E101099E2C0DF07C002FF84B /* Assets.xcassets in Resources */,
			);
			runOnlyForDeploymentPostprocessing = 0;
		};
		E10109A42C0DF07C002FF84B /* Resources */ = {
			isa = PBXResourcesBuildPhase;
			buildActionMask = 2147483647;
			files = (
			);
			runOnlyForDeploymentPostprocessing = 0;
		};
		E10109AE2C0DF07C002FF84B /* Resources */ = {
			isa = PBXResourcesBuildPhase;
			buildActionMask = 2147483647;
			files = (
			);
			runOnlyForDeploymentPostprocessing = 0;
		};
/* End PBXResourcesBuildPhase section */

/* Begin PBXSourcesBuildPhase section */
		E10109902C0DF07B002FF84B /* Sources */ = {
			isa = PBXSourcesBuildPhase;
			buildActionMask = 2147483647;
			files = (
				E1222B442C0F124F004F3E5E /* WheelView.swift in Sources */,
				E11F7C1D2C0E01E4006CA138 /* utils.swift in Sources */,
				E101099A2C0DF07B002FF84B /* ContentView.swift in Sources */,
				E101099C2C0DF07B002FF84B /* Item.swift in Sources */,
				E10109982C0DF07B002FF84B /* ChallengoApp.swift in Sources */,
				E11F7C1B2C0E0190006CA138 /* data.swift in Sources */,
			);
			runOnlyForDeploymentPostprocessing = 0;
		};
		E10109A22C0DF07C002FF84B /* Sources */ = {
			isa = PBXSourcesBuildPhase;
			buildActionMask = 2147483647;
			files = (
				E10109AB2C0DF07C002FF84B /* ChallengoTests.swift in Sources */,
			);
			runOnlyForDeploymentPostprocessing = 0;
		};
		E10109AC2C0DF07C002FF84B /* Sources */ = {
			isa = PBXSourcesBuildPhase;
			buildActionMask = 2147483647;
			files = (
				E10109B72C0DF07C002FF84B /* ChallengoUITestsLaunchTests.swift in Sources */,
				E10109B52C0DF07C002FF84B /* ChallengoUITests.swift in Sources */,
			);
			runOnlyForDeploymentPostprocessing = 0;
		};
/* End PBXSourcesBuildPhase section */

/* Begin PBXTargetDependency section */
		E10109A82C0DF07C002FF84B /* PBXTargetDependency */ = {
			isa = PBXTargetDependency;
			target = E10109932C0DF07B002FF84B /* Challengo */;
			targetProxy = E10109A72C0DF07C002FF84B /* PBXContainerItemProxy */;
		};
		E10109B22C0DF07C002FF84B /* PBXTargetDependency */ = {
			isa = PBXTargetDependency;
			target = E10109932C0DF07B002FF84B /* Challengo */;
			targetProxy = E10109B12C0DF07C002FF84B /* PBXContainerItemProxy */;
		};
/* End PBXTargetDependency section */

/* Begin XCBuildConfiguration section */
		E10109B82C0DF07C002FF84B /* Debug */ = {
			isa = XCBuildConfiguration;
			buildSettings = {
				ALWAYS_SEARCH_USER_PATHS = NO;
				ASSETCATALOG_COMPILER_GENERATE_SWIFT_ASSET_SYMBOL_EXTENSIONS = YES;
				CLANG_ANALYZER_NONNULL = YES;
				CLANG_ANALYZER_NUMBER_OBJECT_CONVERSION = YES_AGGRESSIVE;
				CLANG_CXX_LANGUAGE_STANDARD = "gnu++20";
				CLANG_ENABLE_MODULES = YES;
				CLANG_ENABLE_OBJC_ARC = YES;
				CLANG_ENABLE_OBJC_WEAK = YES;
				CLANG_WARN_BLOCK_CAPTURE_AUTORELEASING = YES;
				CLANG_WARN_BOOL_CONVERSION = YES;
				CLANG_WARN_COMMA = YES;
				CLANG_WARN_CONSTANT_CONVERSION = YES;
				CLANG_WARN_DEPRECATED_OBJC_IMPLEMENTATIONS = YES;
				CLANG_WARN_DIRECT_OBJC_ISA_USAGE = YES_ERROR;
				CLANG_WARN_DOCUMENTATION_COMMENTS = YES;
				CLANG_WARN_EMPTY_BODY = YES;
				CLANG_WARN_ENUM_CONVERSION = YES;
				CLANG_WARN_INFINITE_RECURSION = YES;
				CLANG_WARN_INT_CONVERSION = YES;
				CLANG_WARN_NON_LITERAL_NULL_CONVERSION = YES;
				CLANG_WARN_OBJC_IMPLICIT_RETAIN_SELF = YES;
				CLANG_WARN_OBJC_LITERAL_CONVERSION = YES;
				CLANG_WARN_OBJC_ROOT_CLASS = YES_ERROR;
				CLANG_WARN_QUOTED_INCLUDE_IN_FRAMEWORK_HEADER = YES;
				CLANG_WARN_RANGE_LOOP_ANALYSIS = YES;
				CLANG_WARN_STRICT_PROTOTYPES = YES;
				CLANG_WARN_SUSPICIOUS_MOVE = YES;
				CLANG_WARN_UNGUARDED_AVAILABILITY = YES_AGGRESSIVE;
				CLANG_WARN_UNREACHABLE_CODE = YES;
				CLANG_WARN__DUPLICATE_METHOD_MATCH = YES;
				COPY_PHASE_STRIP = NO;
				DEBUG_INFORMATION_FORMAT = dwarf;
				ENABLE_STRICT_OBJC_MSGSEND = YES;
				ENABLE_TESTABILITY = YES;
				ENABLE_USER_SCRIPT_SANDBOXING = YES;
				GCC_C_LANGUAGE_STANDARD = gnu17;
				GCC_DYNAMIC_NO_PIC = NO;
				GCC_NO_COMMON_BLOCKS = YES;
				GCC_OPTIMIZATION_LEVEL = 0;
				GCC_PREPROCESSOR_DEFINITIONS = (
					"DEBUG=1",
					"$(inherited)",
				);
				GCC_WARN_64_TO_32_BIT_CONVERSION = YES;
				GCC_WARN_ABOUT_RETURN_TYPE = YES_ERROR;
				GCC_WARN_UNDECLARED_SELECTOR = YES;
				GCC_WARN_UNINITIALIZED_AUTOS = YES_AGGRESSIVE;
				GCC_WARN_UNUSED_FUNCTION = YES;
				GCC_WARN_UNUSED_VARIABLE = YES;
				IPHONEOS_DEPLOYMENT_TARGET = 17.5;
				LOCALIZATION_PREFERS_STRING_CATALOGS = YES;
				MTL_ENABLE_DEBUG_INFO = INCLUDE_SOURCE;
				MTL_FAST_MATH = YES;
				ONLY_ACTIVE_ARCH = YES;
				SDKROOT = iphoneos;
				SWIFT_ACTIVE_COMPILATION_CONDITIONS = "DEBUG $(inherited)";
				SWIFT_OPTIMIZATION_LEVEL = "-Onone";
			};
			name = Debug;
		};
		E10109B92C0DF07C002FF84B /* Release */ = {
			isa = XCBuildConfiguration;
			buildSettings = {
				ALWAYS_SEARCH_USER_PATHS = NO;
				ASSETCATALOG_COMPILER_GENERATE_SWIFT_ASSET_SYMBOL_EXTENSIONS = YES;
				CLANG_ANALYZER_NONNULL = YES;
				CLANG_ANALYZER_NUMBER_OBJECT_CONVERSION = YES_AGGRESSIVE;
				CLANG_CXX_LANGUAGE_STANDARD = "gnu++20";
				CLANG_ENABLE_MODULES = YES;
				CLANG_ENABLE_OBJC_ARC = YES;
				CLANG_ENABLE_OBJC_WEAK = YES;
				CLANG_WARN_BLOCK_CAPTURE_AUTORELEASING = YES;
				CLANG_WARN_BOOL_CONVERSION = YES;
				CLANG_WARN_COMMA = YES;
				CLANG_WARN_CONSTANT_CONVERSION = YES;
				CLANG_WARN_DEPRECATED_OBJC_IMPLEMENTATIONS = YES;
				CLANG_WARN_DIRECT_OBJC_ISA_USAGE = YES_ERROR;
				CLANG_WARN_DOCUMENTATION_COMMENTS = YES;
				CLANG_WARN_EMPTY_BODY = YES;
				CLANG_WARN_ENUM_CONVERSION = YES;
				CLANG_WARN_INFINITE_RECURSION = YES;
				CLANG_WARN_INT_CONVERSION = YES;
				CLANG_WARN_NON_LITERAL_NULL_CONVERSION = YES;
				CLANG_WARN_OBJC_IMPLICIT_RETAIN_SELF = YES;
				CLANG_WARN_OBJC_LITERAL_CONVERSION = YES;
				CLANG_WARN_OBJC_ROOT_CLASS = YES_ERROR;
				CLANG_WARN_QUOTED_INCLUDE_IN_FRAMEWORK_HEADER = YES;
				CLANG_WARN_RANGE_LOOP_ANALYSIS = YES;
				CLANG_WARN_STRICT_PROTOTYPES = YES;
				CLANG_WARN_SUSPICIOUS_MOVE = YES;
				CLANG_WARN_UNGUARDED_AVAILABILITY = YES_AGGRESSIVE;
				CLANG_WARN_UNREACHABLE_CODE = YES;
				CLANG_WARN__DUPLICATE_METHOD_MATCH = YES;
				COPY_PHASE_STRIP = NO;
				DEBUG_INFORMATION_FORMAT = "dwarf-with-dsym";
				ENABLE_NS_ASSERTIONS = NO;
				ENABLE_STRICT_OBJC_MSGSEND = YES;
				ENABLE_USER_SCRIPT_SANDBOXING = YES;
				GCC_C_LANGUAGE_STANDARD = gnu17;
				GCC_NO_COMMON_BLOCKS = YES;
				GCC_WARN_64_TO_32_BIT_CONVERSION = YES;
				GCC_WARN_ABOUT_RETURN_TYPE = YES_ERROR;
				GCC_WARN_UNDECLARED_SELECTOR = YES;
				GCC_WARN_UNINITIALIZED_AUTOS = YES_AGGRESSIVE;
				GCC_WARN_UNUSED_FUNCTION = YES;
				GCC_WARN_UNUSED_VARIABLE = YES;
				IPHONEOS_DEPLOYMENT_TARGET = 17.5;
				LOCALIZATION_PREFERS_STRING_CATALOGS = YES;
				MTL_ENABLE_DEBUG_INFO = NO;
				MTL_FAST_MATH = YES;
				SDKROOT = iphoneos;
				SWIFT_COMPILATION_MODE = wholemodule;
				VALIDATE_PRODUCT = YES;
			};
			name = Release;
		};
		E10109BB2C0DF07C002FF84B /* Debug */ = {
			isa = XCBuildConfiguration;
			buildSettings = {
				ASSETCATALOG_COMPILER_APPICON_NAME = AppIcon;
				ASSETCATALOG_COMPILER_GLOBAL_ACCENT_COLOR_NAME = AccentColor;
				CODE_SIGN_STYLE = Automatic;
				CURRENT_PROJECT_VERSION = 1;
				DEVELOPMENT_ASSET_PATHS = "\"Challengo/Preview Content\"";
				DEVELOPMENT_TEAM = 746GA298QV;
				ENABLE_PREVIEWS = YES;
				GENERATE_INFOPLIST_FILE = YES;
				INFOPLIST_KEY_UIApplicationSceneManifest_Generation = YES;
				INFOPLIST_KEY_UIApplicationSupportsIndirectInputEvents = YES;
				INFOPLIST_KEY_UILaunchScreen_Generation = YES;
				INFOPLIST_KEY_UISupportedInterfaceOrientations_iPad = "UIInterfaceOrientationPortrait UIInterfaceOrientationPortraitUpsideDown UIInterfaceOrientationLandscapeLeft UIInterfaceOrientationLandscapeRight";
				INFOPLIST_KEY_UISupportedInterfaceOrientations_iPhone = "UIInterfaceOrientationPortrait UIInterfaceOrientationLandscapeLeft UIInterfaceOrientationLandscapeRight";
				LD_RUNPATH_SEARCH_PATHS = (
					"$(inherited)",
					"@executable_path/Frameworks",
				);
				MARKETING_VERSION = 1.0;
				PRODUCT_BUNDLE_IDENTIFIER = fr.balystick.Challengo;
				PRODUCT_NAME = "$(TARGET_NAME)";
				SWIFT_EMIT_LOC_STRINGS = YES;
				SWIFT_VERSION = 5.0;
				TARGETED_DEVICE_FAMILY = "1,2";
			};
			name = Debug;
		};
		E10109BC2C0DF07C002FF84B /* Release */ = {
			isa = XCBuildConfiguration;
			buildSettings = {
				ASSETCATALOG_COMPILER_APPICON_NAME = AppIcon;
				ASSETCATALOG_COMPILER_GLOBAL_ACCENT_COLOR_NAME = AccentColor;
				CODE_SIGN_STYLE = Automatic;
				CURRENT_PROJECT_VERSION = 1;
				DEVELOPMENT_ASSET_PATHS = "\"Challengo/Preview Content\"";
				DEVELOPMENT_TEAM = 746GA298QV;
				ENABLE_PREVIEWS = YES;
				GENERATE_INFOPLIST_FILE = YES;
				INFOPLIST_KEY_UIApplicationSceneManifest_Generation = YES;
				INFOPLIST_KEY_UIApplicationSupportsIndirectInputEvents = YES;
				INFOPLIST_KEY_UILaunchScreen_Generation = YES;
				INFOPLIST_KEY_UISupportedInterfaceOrientations_iPad = "UIInterfaceOrientationPortrait UIInterfaceOrientationPortraitUpsideDown UIInterfaceOrientationLandscapeLeft UIInterfaceOrientationLandscapeRight";
				INFOPLIST_KEY_UISupportedInterfaceOrientations_iPhone = "UIInterfaceOrientationPortrait UIInterfaceOrientationLandscapeLeft UIInterfaceOrientationLandscapeRight";
				LD_RUNPATH_SEARCH_PATHS = (
					"$(inherited)",
					"@executable_path/Frameworks",
				);
				MARKETING_VERSION = 1.0;
				PRODUCT_BUNDLE_IDENTIFIER = fr.balystick.Challengo;
				PRODUCT_NAME = "$(TARGET_NAME)";
				SWIFT_EMIT_LOC_STRINGS = YES;
				SWIFT_VERSION = 5.0;
				TARGETED_DEVICE_FAMILY = "1,2";
			};
			name = Release;
		};
		E10109BE2C0DF07C002FF84B /* Debug */ = {
			isa = XCBuildConfiguration;
			buildSettings = {
				ALWAYS_EMBED_SWIFT_STANDARD_LIBRARIES = YES;
				BUNDLE_LOADER = "$(TEST_HOST)";
				CODE_SIGN_STYLE = Automatic;
				CURRENT_PROJECT_VERSION = 1;
				DEVELOPMENT_TEAM = 746GA298QV;
				GENERATE_INFOPLIST_FILE = YES;
				IPHONEOS_DEPLOYMENT_TARGET = 17.5;
				MARKETING_VERSION = 1.0;
				PRODUCT_BUNDLE_IDENTIFIER = fr.balystick.ChallengoTests;
				PRODUCT_NAME = "$(TARGET_NAME)";
				SWIFT_EMIT_LOC_STRINGS = NO;
				SWIFT_VERSION = 5.0;
				TARGETED_DEVICE_FAMILY = "1,2";
				TEST_HOST = "$(BUILT_PRODUCTS_DIR)/Challengo.app/$(BUNDLE_EXECUTABLE_FOLDER_PATH)/Challengo";
			};
			name = Debug;
		};
		E10109BF2C0DF07C002FF84B /* Release */ = {
			isa = XCBuildConfiguration;
			buildSettings = {
				ALWAYS_EMBED_SWIFT_STANDARD_LIBRARIES = YES;
				BUNDLE_LOADER = "$(TEST_HOST)";
				CODE_SIGN_STYLE = Automatic;
				CURRENT_PROJECT_VERSION = 1;
				DEVELOPMENT_TEAM = 746GA298QV;
				GENERATE_INFOPLIST_FILE = YES;
				IPHONEOS_DEPLOYMENT_TARGET = 17.5;
				MARKETING_VERSION = 1.0;
				PRODUCT_BUNDLE_IDENTIFIER = fr.balystick.ChallengoTests;
				PRODUCT_NAME = "$(TARGET_NAME)";
				SWIFT_EMIT_LOC_STRINGS = NO;
				SWIFT_VERSION = 5.0;
				TARGETED_DEVICE_FAMILY = "1,2";
				TEST_HOST = "$(BUILT_PRODUCTS_DIR)/Challengo.app/$(BUNDLE_EXECUTABLE_FOLDER_PATH)/Challengo";
			};
			name = Release;
		};
		E10109C12C0DF07C002FF84B /* Debug */ = {
			isa = XCBuildConfiguration;
			buildSettings = {
				ALWAYS_EMBED_SWIFT_STANDARD_LIBRARIES = YES;
				CODE_SIGN_STYLE = Automatic;
				CURRENT_PROJECT_VERSION = 1;
				DEVELOPMENT_TEAM = 746GA298QV;
				GENERATE_INFOPLIST_FILE = YES;
				MARKETING_VERSION = 1.0;
				PRODUCT_BUNDLE_IDENTIFIER = fr.balystick.ChallengoUITests;
				PRODUCT_NAME = "$(TARGET_NAME)";
				SWIFT_EMIT_LOC_STRINGS = NO;
				SWIFT_VERSION = 5.0;
				TARGETED_DEVICE_FAMILY = "1,2";
				TEST_TARGET_NAME = Challengo;
			};
			name = Debug;
		};
		E10109C22C0DF07C002FF84B /* Release */ = {
			isa = XCBuildConfiguration;
			buildSettings = {
				ALWAYS_EMBED_SWIFT_STANDARD_LIBRARIES = YES;
				CODE_SIGN_STYLE = Automatic;
				CURRENT_PROJECT_VERSION = 1;
				DEVELOPMENT_TEAM = 746GA298QV;
				GENERATE_INFOPLIST_FILE = YES;
				MARKETING_VERSION = 1.0;
				PRODUCT_BUNDLE_IDENTIFIER = fr.balystick.ChallengoUITests;
				PRODUCT_NAME = "$(TARGET_NAME)";
				SWIFT_EMIT_LOC_STRINGS = NO;
				SWIFT_VERSION = 5.0;
				TARGETED_DEVICE_FAMILY = "1,2";
				TEST_TARGET_NAME = Challengo;
			};
			name = Release;
		};
/* End XCBuildConfiguration section */

/* Begin XCConfigurationList section */
		E101098F2C0DF07B002FF84B /* Build configuration list for PBXProject "Challengo" */ = {
			isa = XCConfigurationList;
			buildConfigurations = (
				E10109B82C0DF07C002FF84B /* Debug */,
				E10109B92C0DF07C002FF84B /* Release */,
			);
			defaultConfigurationIsVisible = 0;
			defaultConfigurationName = Release;
		};
		E10109BA2C0DF07C002FF84B /* Build configuration list for PBXNativeTarget "Challengo" */ = {
			isa = XCConfigurationList;
			buildConfigurations = (
				E10109BB2C0DF07C002FF84B /* Debug */,
				E10109BC2C0DF07C002FF84B /* Release */,
			);
			defaultConfigurationIsVisible = 0;
			defaultConfigurationName = Release;
		};
		E10109BD2C0DF07C002FF84B /* Build configuration list for PBXNativeTarget "ChallengoTests" */ = {
			isa = XCConfigurationList;
			buildConfigurations = (
				E10109BE2C0DF07C002FF84B /* Debug */,
				E10109BF2C0DF07C002FF84B /* Release */,
			);
			defaultConfigurationIsVisible = 0;
			defaultConfigurationName = Release;
		};
		E10109C02C0DF07C002FF84B /* Build configuration list for PBXNativeTarget "ChallengoUITests" */ = {
			isa = XCConfigurationList;
			buildConfigurations = (
				E10109C12C0DF07C002FF84B /* Debug */,
				E10109C22C0DF07C002FF84B /* Release */,
			);
			defaultConfigurationIsVisible = 0;
			defaultConfigurationName = Release;
		};
/* End XCConfigurationList section */
	};
	rootObject = E101098C2C0DF07B002FF84B /* Project object */;
}
